{
  "name": "cloudflare-worker",
  "version": "1.0.0",
  "lockfileVersion": 1,
  "requires": true,
  "dependencies": {
    "@open-policy-agent/opa-wasm": {
      "version": "0.0.2",
      "resolved": "https://registry.npmjs.org/@open-policy-agent/opa-wasm/-/opa-wasm-0.0.2.tgz",
      "integrity": "sha512-Wqh4thbfT7CyNmbQx3UFfynJKbWKfpbgA5BCJtCBEZDUJVmb5JNk/qWaWWxWQmhpYjWmodo9GUunvqxU4rqucw=="
    }
  }
}
