# This file is autogenerated, do not edit; changes may be undone by the next 'dep ensure'.


[[projects]]
  digest = "1:b63a498fc2100264747713e78481daa16826ad733554df58d6cba5c7a4f80ad9"
  name = "github.com/dchest/siphash"
  packages = ["."]
  pruneopts = "UT"
  revision = "4ebf1de738443ea7f45f02dc394c4df1942a126d"
  version = "v1.1.0"

[[projects]]
  digest = "1:c45cef8e0074ea2f8176a051df38553ba997a3616f1ec2d35222b1cf9864881e"
  name = "github.com/ghodss/yaml"
  packages = ["."]
  pruneopts = "UT"
  revision = "73d445a93680fa1a78ae23a5839bad48f32ba1ee"

[[projects]]
  digest = "1:c79fb010be38a59d657c48c6ba1d003a8aa651fa56b579d959d74573b7dff8e1"
  name = "github.com/gorilla/context"
  packages = ["."]
  pruneopts = "UT"
  revision = "08b5f424b9271eedf6f9f0ce86cb9396ed337a42"
  version = "v1.1.1"

[[projects]]
  digest = "1:e73f5b0152105f18bc131fba127d9949305c8693f8a762588a82a48f61756f5f"
  name = "github.com/gorilla/mux"
  packages = ["."]
  pruneopts = "UT"
  revision = "e3702bed27f0d39777b0b37b664b6280e8ef8fbf"
  version = "v1.6.2"

[[projects]]
  branch = "master"
  digest = "1:aa3d8d42865c42626b5c1add193692d045b3188b1479f0a0a88690d21fe20083"
  name = "github.com/mailru/easyjson"
  packages = [
    ".",
    "buffer",
    "jlexer",
    "jwriter",
  ]
  pruneopts = "UT"
  revision = "60711f1a8329503b04e1c88535f419d0bb440bff"

[[projects]]
  digest = "1:2c21822ae415766ec45d6194a40af2ad4640e7bdbfa338c48b215fab2cf704e2"
  name = "github.com/olivere/elastic"
  packages = [
    ".",
    "config",
    "uritemplates",
  ]
  pruneopts = "UT"
  revision = "66b430cdba34722e4a9656f651df616fe5f0503f"
  version = "v6.2.2"

[[projects]]
  digest = "1:602d6d359a5be9d268b8070c5e9900148ec7e7403c2afd19570e573a216be2fe"
  name = "github.com/open-policy-agent/opa"
  packages = [
    "ast",
    "metrics",
    "rego",
    "storage",
    "storage/inmem",
    "topdown",
    "topdown/builtins",
    "topdown/copypropagation",
    "types",
    "util",
  ]
  pruneopts = "UT"
  revision = "d5ba22b70a13a5afce4d2ea7103f2ac2d300bc48"
  version = "v0.9.1"

[[projects]]
  digest = "1:87d657fe2a38c018c33f867e7d6e6208d4997279b2c9e25d31aed22e461ad010"
  name = "github.com/pkg/errors"
  packages = ["."]
  pruneopts = "UT"
  revision = "30136e27e2ac8d167177e8a583aa4c3fea5be833"

[[projects]]
  digest = "1:565770be35414989a808a4c2fd74a9b0b1d48ca0b6c615f2f5908ab99bf77eee"
  name = "github.com/rcrowley/go-metrics"
  packages = ["."]
  pruneopts = "UT"
  revision = "8732c616f52954686704c8645fe1a9d59e9df7c1"

[[projects]]
  branch = "master"
  digest = "1:a674c72a29ec4fb2a638bcaba61c8eef5e1d2bb6364c2811c0a4cbf20fb889c4"
  name = "github.com/yashtewari/glob-intersection"
  packages = ["."]
  pruneopts = "UT"
  revision = "7af743e8ec8480fee1932a737a406f7ec817f910"

[[projects]]
  digest = "1:342378ac4dcb378a5448dd723f0784ae519383532f5e70ade24132c4c8693202"
  name = "gopkg.in/yaml.v2"
  packages = ["."]
  pruneopts = "UT"
  revision = "5420a8b6744d3b0345ab293f6fcba19c978f1183"
  version = "v2.2.1"

[solve-meta]
  analyzer-name = "dep"
  analyzer-version = 1
  input-imports = [
    "github.com/gorilla/mux",
    "github.com/olivere/elastic",
    "github.com/open-policy-agent/opa/ast",
    "github.com/open-policy-agent/opa/rego",
  ]
  solver-name = "gps-cdcl"
  solver-version = 1
